// !$*UTF8*$!
{
	archiveVersion = 1;
	classes = {
	};
	objectVersion = 48;
	objects = {

/* Begin PBXBuildFile section */
		5428799B8864EABD5F5F26EA /* Pods_DragonFly_Project.framework in Frameworks */ = {isa = PBXBuildFile; fileRef = A6738E16DE73BF28E1685169 /* Pods_DragonFly_Project.framework */; };
		C87CD9011FA6BADF005AB62A /* Location.swift in Sources */ = {isa = PBXBuildFile; fileRef = C87CD8FB1FA6BADF005AB62A /* Location.swift */; };
		C87CD9021FA6BADF005AB62A /* Location+CoreDataProperties.swift in Sources */ = {isa = PBXBuildFile; fileRef = C87CD8FC1FA6BADF005AB62A /* Location+CoreDataProperties.swift */; };
		C87CD9031FA6BADF005AB62A /* Event.swift in Sources */ = {isa = PBXBuildFile; fileRef = C87CD8FD1FA6BADF005AB62A /* Event.swift */; };
		C87CD9041FA6BADF005AB62A /* Event+CoreDataProperties.swift in Sources */ = {isa = PBXBuildFile; fileRef = C87CD8FE1FA6BADF005AB62A /* Event+CoreDataProperties.swift */; };
		C87CD9051FA6BADF005AB62A /* Comment.swift in Sources */ = {isa = PBXBuildFile; fileRef = C87CD8FF1FA6BADF005AB62A /* Comment.swift */; };
		C87CD9061FA6BADF005AB62A /* Comment+CoreDataProperties.swift in Sources */ = {isa = PBXBuildFile; fileRef = C87CD9001FA6BADF005AB62A /* Comment+CoreDataProperties.swift */; };
		C885E9291FA44F24006F1435 /* AppDelegate.swift in Sources */ = {isa = PBXBuildFile; fileRef = C885E9281FA44F24006F1435 /* AppDelegate.swift */; };
		C885E92C1FA44F24006F1435 /* DragonFly_Project.xcdatamodeld in Sources */ = {isa = PBXBuildFile; fileRef = C885E92A1FA44F24006F1435 /* DragonFly_Project.xcdatamodeld */; };
		C885E92E1FA44F24006F1435 /* MasterViewController.swift in Sources */ = {isa = PBXBuildFile; fileRef = C885E92D1FA44F24006F1435 /* MasterViewController.swift */; };
		C885E9301FA44F24006F1435 /* DetailViewController.swift in Sources */ = {isa = PBXBuildFile; fileRef = C885E92F1FA44F24006F1435 /* DetailViewController.swift */; };
		C885E9331FA44F24006F1435 /* Main.storyboard in Resources */ = {isa = PBXBuildFile; fileRef = C885E9311FA44F24006F1435 /* Main.storyboard */; };
		C885E9351FA44F24006F1435 /* Assets.xcassets in Resources */ = {isa = PBXBuildFile; fileRef = C885E9341FA44F24006F1435 /* Assets.xcassets */; };
		C885E9381FA44F24006F1435 /* LaunchScreen.storyboard in Resources */ = {isa = PBXBuildFile; fileRef = C885E9361FA44F24006F1435 /* LaunchScreen.storyboard */; };
		C885E9421FA45540006F1435 /* NetworkCalls.swift in Sources */ = {isa = PBXBuildFile; fileRef = C885E9411FA45540006F1435 /* NetworkCalls.swift */; };
		C885E9441FA45BDD006F1435 /* Default-568h@2x.png in Resources */ = {isa = PBXBuildFile; fileRef = C885E9431FA45BDD006F1435 /* Default-568h@2x.png */; };
		C885E9461FA484DC006F1435 /* EventTableViewCell.swift in Sources */ = {isa = PBXBuildFile; fileRef = C885E9451FA484DC006F1435 /* EventTableViewCell.swift */; };
		C885E9491FA4AF82006F1435 /* ScrollableBottomSheetViewController.swift in Sources */ = {isa = PBXBuildFile; fileRef = C885E9471FA4AF81006F1435 /* ScrollableBottomSheetViewController.swift */; };
		C885E94A1FA4AF82006F1435 /* ScrollableBottomSheetViewController.xib in Resources */ = {isa = PBXBuildFile; fileRef = C885E9481FA4AF82006F1435 /* ScrollableBottomSheetViewController.xib */; };
		C885E94D1FA4B059006F1435 /* CommentsTableViewCell.swift in Sources */ = {isa = PBXBuildFile; fileRef = C885E94B1FA4B059006F1435 /* CommentsTableViewCell.swift */; };
		C885E94E1FA4B059006F1435 /* CommentsTableViewCell.xib in Resources */ = {isa = PBXBuildFile; fileRef = C885E94C1FA4B059006F1435 /* CommentsTableViewCell.xib */; };
		C88D27771FA749080025E6F8 /* LoginViewController.swift in Sources */ = {isa = PBXBuildFile; fileRef = C88D27761FA749080025E6F8 /* LoginViewController.swift */; };
/* End PBXBuildFile section */

/* Begin PBXFileReference section */
		492811FAC150FB3CE3B3E2AB /* Pods-DragonFly Project.release.xcconfig */ = {isa = PBXFileReference; includeInIndex = 1; lastKnownFileType = text.xcconfig; name = "Pods-DragonFly Project.release.xcconfig"; path = "Pods/Target Support Files/Pods-DragonFly Project/Pods-DragonFly Project.release.xcconfig"; sourceTree = "<group>"; };
		658C6740A768A348B02744C9 /* Pods-DragonFly Project.debug.xcconfig */ = {isa = PBXFileReference; includeInIndex = 1; lastKnownFileType = text.xcconfig; name = "Pods-DragonFly Project.debug.xcconfig"; path = "Pods/Target Support Files/Pods-DragonFly Project/Pods-DragonFly Project.debug.xcconfig"; sourceTree = "<group>"; };
		A6738E16DE73BF28E1685169 /* Pods_DragonFly_Project.framework */ = {isa = PBXFileReference; explicitFileType = wrapper.framework; includeInIndex = 0; path = Pods_DragonFly_Project.framework; sourceTree = BUILT_PRODUCTS_DIR; };
		C87CD8FB1FA6BADF005AB62A /* Location.swift */ = {isa = PBXFileReference; lastKnownFileType = sourcecode.swift; path = Location.swift; sourceTree = "<group>"; };
		C87CD8FC1FA6BADF005AB62A /* Location+CoreDataProperties.swift */ = {isa = PBXFileReference; lastKnownFileType = sourcecode.swift; path = "Location+CoreDataProperties.swift"; sourceTree = "<group>"; };
		C87CD8FD1FA6BADF005AB62A /* Event.swift */ = {isa = PBXFileReference; lastKnownFileType = sourcecode.swift; path = Event.swift; sourceTree = "<group>"; };
		C87CD8FE1FA6BADF005AB62A /* Event+CoreDataProperties.swift */ = {isa = PBXFileReference; lastKnownFileType = sourcecode.swift; path = "Event+CoreDataProperties.swift"; sourceTree = "<group>"; };
		C87CD8FF1FA6BADF005AB62A /* Comment.swift */ = {isa = PBXFileReference; lastKnownFileType = sourcecode.swift; path = Comment.swift; sourceTree = "<group>"; };
		C87CD9001FA6BADF005AB62A /* Comment+CoreDataProperties.swift */ = {isa = PBXFileReference; lastKnownFileType = sourcecode.swift; path = "Comment+CoreDataProperties.swift"; sourceTree = "<group>"; };
		C885E9251FA44F24006F1435 /* DragonFly Project.app */ = {isa = PBXFileReference; explicitFileType = wrapper.application; includeInIndex = 0; path = "DragonFly Project.app"; sourceTree = BUILT_PRODUCTS_DIR; };
		C885E9281FA44F24006F1435 /* AppDelegate.swift */ = {isa = PBXFileReference; lastKnownFileType = sourcecode.swift; path = AppDelegate.swift; sourceTree = "<group>"; };
		C885E92B1FA44F24006F1435 /* DragonFly_Project.xcdatamodel */ = {isa = PBXFileReference; lastKnownFileType = wrapper.xcdatamodel; path = DragonFly_Project.xcdatamodel; sourceTree = "<group>"; };
		C885E92D1FA44F24006F1435 /* MasterViewController.swift */ = {isa = PBXFileReference; lastKnownFileType = sourcecode.swift; path = MasterViewController.swift; sourceTree = "<group>"; };
		C885E92F1FA44F24006F1435 /* DetailViewController.swift */ = {isa = PBXFileReference; lastKnownFileType = sourcecode.swift; path = DetailViewController.swift; sourceTree = "<group>"; };
		C885E9321FA44F24006F1435 /* Base */ = {isa = PBXFileReference; lastKnownFileType = file.storyboard; name = Base; path = Base.lproj/Main.storyboard; sourceTree = "<group>"; };
		C885E9341FA44F24006F1435 /* Assets.xcassets */ = {isa = PBXFileReference; lastKnownFileType = folder.assetcatalog; path = Assets.xcassets; sourceTree = "<group>"; };
		C885E9371FA44F24006F1435 /* Base */ = {isa = PBXFileReference; lastKnownFileType = file.storyboard; name = Base; path = Base.lproj/LaunchScreen.storyboard; sourceTree = "<group>"; };
		C885E9391FA44F24006F1435 /* Info.plist */ = {isa = PBXFileReference; lastKnownFileType = text.plist.xml; path = Info.plist; sourceTree = "<group>"; };
		C885E9411FA45540006F1435 /* NetworkCalls.swift */ = {isa = PBXFileReference; lastKnownFileType = sourcecode.swift; path = NetworkCalls.swift; sourceTree = "<group>"; };
		C885E9431FA45BDD006F1435 /* Default-568h@2x.png */ = {isa = PBXFileReference; lastKnownFileType = image.png; path = "Default-568h@2x.png"; sourceTree = "<group>"; };
		C885E9451FA484DC006F1435 /* EventTableViewCell.swift */ = {isa = PBXFileReference; lastKnownFileType = sourcecode.swift; path = EventTableViewCell.swift; sourceTree = "<group>"; };
		C885E9471FA4AF81006F1435 /* ScrollableBottomSheetViewController.swift */ = {isa = PBXFileReference; fileEncoding = 4; lastKnownFileType = sourcecode.swift; path = ScrollableBottomSheetViewController.swift; sourceTree = "<group>"; };
		C885E9481FA4AF82006F1435 /* ScrollableBottomSheetViewController.xib */ = {isa = PBXFileReference; fileEncoding = 4; lastKnownFileType = file.xib; path = ScrollableBottomSheetViewController.xib; sourceTree = "<group>"; };
		C885E94B1FA4B059006F1435 /* CommentsTableViewCell.swift */ = {isa = PBXFileReference; lastKnownFileType = sourcecode.swift; path = CommentsTableViewCell.swift; sourceTree = "<group>"; };
		C885E94C1FA4B059006F1435 /* CommentsTableViewCell.xib */ = {isa = PBXFileReference; lastKnownFileType = file.xib; path = CommentsTableViewCell.xib; sourceTree = "<group>"; };
		C88D27761FA749080025E6F8 /* LoginViewController.swift */ = {isa = PBXFileReference; lastKnownFileType = sourcecode.swift; path = LoginViewController.swift; sourceTree = "<group>"; };
/* End PBXFileReference section */

/* Begin PBXFrameworksBuildPhase section */
		C885E9221FA44F24006F1435 /* Frameworks */ = {
			isa = PBXFrameworksBuildPhase;
			buildActionMask = 2147483647;
			files = (
				5428799B8864EABD5F5F26EA /* Pods_DragonFly_Project.framework in Frameworks */,
			);
			runOnlyForDeploymentPostprocessing = 0;
		};
/* End PBXFrameworksBuildPhase section */

/* Begin PBXGroup section */
		81E1DF6D964D953BEAA5979F /* Pods */ = {
			isa = PBXGroup;
			children = (
				658C6740A768A348B02744C9 /* Pods-DragonFly Project.debug.xcconfig */,
				492811FAC150FB3CE3B3E2AB /* Pods-DragonFly Project.release.xcconfig */,
			);
			name = Pods;
			sourceTree = "<group>";
		};
		C87CD8E91FA6B4AC005AB62A /* Controllers */ = {
			isa = PBXGroup;
			children = (
				C885E9451FA484DC006F1435 /* EventTableViewCell.swift */,
				C885E94B1FA4B059006F1435 /* CommentsTableViewCell.swift */,
				C885E92F1FA44F24006F1435 /* DetailViewController.swift */,
				C885E92D1FA44F24006F1435 /* MasterViewController.swift */,
				C885E9471FA4AF81006F1435 /* ScrollableBottomSheetViewController.swift */,
				C88D27761FA749080025E6F8 /* LoginViewController.swift */,
			);
			path = Controllers;
			sourceTree = "<group>";
		};
		C87CD8EA1FA6B4B3005AB62A /* View */ = {
			isa = PBXGroup;
			children = (
				C885E9361FA44F24006F1435 /* LaunchScreen.storyboard */,
				C885E9481FA4AF82006F1435 /* ScrollableBottomSheetViewController.xib */,
				C885E94C1FA4B059006F1435 /* CommentsTableViewCell.xib */,
				C885E9311FA44F24006F1435 /* Main.storyboard */,
			);
			path = View;
			sourceTree = "<group>";
		};
		C87CD8EB1FA6B4BD005AB62A /* Model */ = {
			isa = PBXGroup;
			children = (
				C885E92A1FA44F24006F1435 /* DragonFly_Project.xcdatamodeld */,
			);
			path = Model;
			sourceTree = "<group>";
		};
		C87CD8EC1FA6B519005AB62A /* Classes */ = {
			isa = PBXGroup;
			children = (
				C87CD9081FA6C5E6005AB62A /* Network */,
				C87CD9071FA6C5D8005AB62A /* CoreData */,
			);
			path = Classes;
			sourceTree = "<group>";
		};
		C87CD9071FA6C5D8005AB62A /* CoreData */ = {
			isa = PBXGroup;
			children = (
				C87CD8FB1FA6BADF005AB62A /* Location.swift */,
				C87CD8FC1FA6BADF005AB62A /* Location+CoreDataProperties.swift */,
				C87CD8FD1FA6BADF005AB62A /* Event.swift */,
				C87CD8FE1FA6BADF005AB62A /* Event+CoreDataProperties.swift */,
				C87CD8FF1FA6BADF005AB62A /* Comment.swift */,
				C87CD9001FA6BADF005AB62A /* Comment+CoreDataProperties.swift */,
			);
			path = CoreData;
			sourceTree = "<group>";
		};
		C87CD9081FA6C5E6005AB62A /* Network */ = {
			isa = PBXGroup;
			children = (
				C885E9411FA45540006F1435 /* NetworkCalls.swift */,
			);
			path = Network;
			sourceTree = "<group>";
		};
		C885E91C1FA44F24006F1435 = {
			isa = PBXGroup;
			children = (
				C885E9431FA45BDD006F1435 /* Default-568h@2x.png */,
				C885E9271FA44F24006F1435 /* DragonFly Project */,
				C885E9261FA44F24006F1435 /* Products */,
				81E1DF6D964D953BEAA5979F /* Pods */,
				E7EDA313FC46784A252A3CC8 /* Frameworks */,
			);
			sourceTree = "<group>";
		};
		C885E9261FA44F24006F1435 /* Products */ = {
			isa = PBXGroup;
			children = (
				C885E9251FA44F24006F1435 /* DragonFly Project.app */,
			);
			name = Products;
			sourceTree = "<group>";
		};
		C885E9271FA44F24006F1435 /* DragonFly Project */ = {
			isa = PBXGroup;
			children = (
				C87CD8EC1FA6B519005AB62A /* Classes */,
				C87CD8EB1FA6B4BD005AB62A /* Model */,
				C87CD8EA1FA6B4B3005AB62A /* View */,
				C87CD8E91FA6B4AC005AB62A /* Controllers */,
				C885E9281FA44F24006F1435 /* AppDelegate.swift */,
				C885E9341FA44F24006F1435 /* Assets.xcassets */,
				C885E9391FA44F24006F1435 /* Info.plist */,
			);
			path = "DragonFly Project";
			sourceTree = "<group>";
		};
		E7EDA313FC46784A252A3CC8 /* Frameworks */ = {
			isa = PBXGroup;
			children = (
				A6738E16DE73BF28E1685169 /* Pods_DragonFly_Project.framework */,
			);
			name = Frameworks;
			sourceTree = "<group>";
		};
/* End PBXGroup section */

/* Begin PBXNativeTarget section */
		C885E9241FA44F24006F1435 /* DragonFly Project */ = {
			isa = PBXNativeTarget;
			buildConfigurationList = C885E93C1FA44F24006F1435 /* Build configuration list for PBXNativeTarget "DragonFly Project" */;
			buildPhases = (
				F7BAFAAD1F8EF5AC745F3017 /* [CP] Check Pods Manifest.lock */,
				C885E9211FA44F24006F1435 /* Sources */,
				C885E9221FA44F24006F1435 /* Frameworks */,
				C885E9231FA44F24006F1435 /* Resources */,
				82C1391428B6004B4A8AAC7F /* [CP] Embed Pods Frameworks */,
				B2FE049FA895768FA10498F4 /* [CP] Copy Pods Resources */,
			);
			buildRules = (
			);
			dependencies = (
			);
			name = "DragonFly Project";
			productName = "DragonFly Project";
			productReference = C885E9251FA44F24006F1435 /* DragonFly Project.app */;
			productType = "com.apple.product-type.application";
		};
/* End PBXNativeTarget section */

/* Begin PBXProject section */
		C885E91D1FA44F24006F1435 /* Project object */ = {
			isa = PBXProject;
			attributes = {
				LastSwiftUpdateCheck = 0910;
				LastUpgradeCheck = 0910;
				ORGANIZATIONNAME = "Aditya Emani";
				TargetAttributes = {
					C885E9241FA44F24006F1435 = {
						CreatedOnToolsVersion = 9.1;
						ProvisioningStyle = Automatic;
					};
				};
			};
			buildConfigurationList = C885E9201FA44F24006F1435 /* Build configuration list for PBXProject "DragonFly Project" */;
			compatibilityVersion = "Xcode 8.0";
			developmentRegion = en;
			hasScannedForEncodings = 0;
			knownRegions = (
				en,
				Base,
			);
			mainGroup = C885E91C1FA44F24006F1435;
			productRefGroup = C885E9261FA44F24006F1435 /* Products */;
			projectDirPath = "";
			projectRoot = "";
			targets = (
				C885E9241FA44F24006F1435 /* DragonFly Project */,
			);
		};
/* End PBXProject section */

/* Begin PBXResourcesBuildPhase section */
		C885E9231FA44F24006F1435 /* Resources */ = {
			isa = PBXResourcesBuildPhase;
			buildActionMask = 2147483647;
			files = (
				C885E9381FA44F24006F1435 /* LaunchScreen.storyboard in Resources */,
				C885E94A1FA4AF82006F1435 /* ScrollableBottomSheetViewController.xib in Resources */,
				C885E9441FA45BDD006F1435 /* Default-568h@2x.png in Resources */,
				C885E9351FA44F24006F1435 /* Assets.xcassets in Resources */,
				C885E9331FA44F24006F1435 /* Main.storyboard in Resources */,
				C885E94E1FA4B059006F1435 /* CommentsTableViewCell.xib in Resources */,
			);
			runOnlyForDeploymentPostprocessing = 0;
		};
/* End PBXResourcesBuildPhase section */

/* Begin PBXShellScriptBuildPhase section */
		82C1391428B6004B4A8AAC7F /* [CP] Embed Pods Frameworks */ = {
			isa = PBXShellScriptBuildPhase;
			buildActionMask = 2147483647;
			files = (
			);
			inputPaths = (
				"${SRCROOT}/Pods/Target Support Files/Pods-DragonFly Project/Pods-DragonFly Project-frameworks.sh",
				"${BUILT_PRODUCTS_DIR}/Alamofire/Alamofire.framework",
				"${BUILT_PRODUCTS_DIR}/AlamofireImage/AlamofireImage.framework",
				"${BUILT_PRODUCTS_DIR}/SwiftyJSON/SwiftyJSON.framework",
			);
			name = "[CP] Embed Pods Frameworks";
			outputPaths = (
				"${TARGET_BUILD_DIR}/${FRAMEWORKS_FOLDER_PATH}/Alamofire.framework",
				"${TARGET_BUILD_DIR}/${FRAMEWORKS_FOLDER_PATH}/AlamofireImage.framework",
				"${TARGET_BUILD_DIR}/${FRAMEWORKS_FOLDER_PATH}/SwiftyJSON.framework",
			);
			runOnlyForDeploymentPostprocessing = 0;
			shellPath = /bin/sh;
			shellScript = "\"${SRCROOT}/Pods/Target Support Files/Pods-DragonFly Project/Pods-DragonFly Project-frameworks.sh\"\n";
			showEnvVarsInLog = 0;
		};
		B2FE049FA895768FA10498F4 /* [CP] Copy Pods Resources */ = {
			isa = PBXShellScriptBuildPhase;
			buildActionMask = 2147483647;
			files = (
			);
			inputPaths = (
			);
			name = "[CP] Copy Pods Resources";
			outputPaths = (
			);
			runOnlyForDeploymentPostprocessing = 0;
			shellPath = /bin/sh;
			shellScript = "\"${SRCROOT}/Pods/Target Support Files/Pods-DragonFly Project/Pods-DragonFly Project-resources.sh\"\n";
			showEnvVarsInLog = 0;
		};
		F7BAFAAD1F8EF5AC745F3017 /* [CP] Check Pods Manifest.lock */ = {
			isa = PBXShellScriptBuildPhase;
			buildActionMask = 2147483647;
			files = (
			);
			inputPaths = (
				"${PODS_PODFILE_DIR_PATH}/Podfile.lock",
				"${PODS_ROOT}/Manifest.lock",
			);
			name = "[CP] Check Pods Manifest.lock";
			outputPaths = (
				"$(DERIVED_FILE_DIR)/Pods-DragonFly Project-checkManifestLockResult.txt",
			);
			runOnlyForDeploymentPostprocessing = 0;
			shellPath = /bin/sh;
			shellScript = "diff \"${PODS_PODFILE_DIR_PATH}/Podfile.lock\" \"${PODS_ROOT}/Manifest.lock\" > /dev/null\nif [ $? != 0 ] ; then\n    # print error to STDERR\n    echo \"error: The sandbox is not in sync with the Podfile.lock. Run 'pod install' or update your CocoaPods installation.\" >&2\n    exit 1\nfi\n# This output is used by Xcode 'outputs' to avoid re-running this script phase.\necho \"SUCCESS\" > \"${SCRIPT_OUTPUT_FILE_0}\"\n";
			showEnvVarsInLog = 0;
		};
/* End PBXShellScriptBuildPhase section */

/* Begin PBXSourcesBuildPhase section */
		C885E9211FA44F24006F1435 /* Sources */ = {
			isa = PBXSourcesBuildPhase;
			buildActionMask = 2147483647;
			files = (
				C885E9491FA4AF82006F1435 /* ScrollableBottomSheetViewController.swift in Sources */,
				C885E9461FA484DC006F1435 /* EventTableViewCell.swift in Sources */,
				C885E92C1FA44F24006F1435 /* DragonFly_Project.xcdatamodeld in Sources */,
				C88D27771FA749080025E6F8 /* LoginViewController.swift in Sources */,
				C885E9291FA44F24006F1435 /* AppDelegate.swift in Sources */,
				C87CD9051FA6BADF005AB62A /* Comment.swift in Sources */,
				C87CD9021FA6BADF005AB62A /* Location+CoreDataProperties.swift in Sources */,
				C87CD9061FA6BADF005AB62A /* Comment+CoreDataProperties.swift in Sources */,
				C885E92E1FA44F24006F1435 /* MasterViewController.swift in Sources */,
				C87CD9041FA6BADF005AB62A /* Event+CoreDataProperties.swift in Sources */,
				C885E9301FA44F24006F1435 /* DetailViewController.swift in Sources */,
				C87CD9011FA6BADF005AB62A /* Location.swift in Sources */,
				C87CD9031FA6BADF005AB62A /* Event.swift in Sources */,
				C885E9421FA45540006F1435 /* NetworkCalls.swift in Sources */,
				C885E94D1FA4B059006F1435 /* CommentsTableViewCell.swift in Sources */,
			);
			runOnlyForDeploymentPostprocessing = 0;
		};
/* End PBXSourcesBuildPhase section */

/* Begin PBXVariantGroup section */
		C885E9311FA44F24006F1435 /* Main.storyboard */ = {
			isa = PBXVariantGroup;
			children = (
				C885E9321FA44F24006F1435 /* Base */,
			);
			name = Main.storyboard;
			sourceTree = "<group>";
		};
		C885E9361FA44F24006F1435 /* LaunchScreen.storyboard */ = {
			isa = PBXVariantGroup;
			children = (
				C885E9371FA44F24006F1435 /* Base */,
			);
			name = LaunchScreen.storyboard;
			sourceTree = "<group>";
		};
/* End PBXVariantGroup section */

/* Begin XCBuildConfiguration section */
		C885E93A1FA44F24006F1435 /* Debug */ = {
			isa = XCBuildConfiguration;
			buildSettings = {
				ALWAYS_SEARCH_USER_PATHS = NO;
				CLANG_ANALYZER_NONNULL = YES;
				CLANG_ANALYZER_NUMBER_OBJECT_CONVERSION = YES_AGGRESSIVE;
				CLANG_CXX_LANGUAGE_STANDARD = "gnu++14";
				CLANG_CXX_LIBRARY = "libc++";
				CLANG_ENABLE_MODULES = YES;
				CLANG_ENABLE_OBJC_ARC = YES;
				CLANG_WARN_BLOCK_CAPTURE_AUTORELEASING = YES;
				CLANG_WARN_BOOL_CONVERSION = YES;
				CLANG_WARN_COMMA = YES;
				CLANG_WARN_CONSTANT_CONVERSION = YES;
				CLANG_WARN_DIRECT_OBJC_ISA_USAGE = YES_ERROR;
				CLANG_WARN_DOCUMENTATION_COMMENTS = YES;
				CLANG_WARN_EMPTY_BODY = YES;
				CLANG_WARN_ENUM_CONVERSION = YES;
				CLANG_WARN_INFINITE_RECURSION = YES;
				CLANG_WARN_INT_CONVERSION = YES;
				CLANG_WARN_NON_LITERAL_NULL_CONVERSION = YES;
				CLANG_WARN_OBJC_LITERAL_CONVERSION = YES;
				CLANG_WARN_OBJC_ROOT_CLASS = YES_ERROR;
				CLANG_WARN_RANGE_LOOP_ANALYSIS = YES;
				CLANG_WARN_STRICT_PROTOTYPES = YES;
				CLANG_WARN_SUSPICIOUS_MOVE = YES;
				CLANG_WARN_UNGUARDED_AVAILABILITY = YES_AGGRESSIVE;
				CLANG_WARN_UNREACHABLE_CODE = YES;
				CLANG_WARN__DUPLICATE_METHOD_MATCH = YES;
				CODE_SIGN_IDENTITY = "iPhone Developer";
				COPY_PHASE_STRIP = NO;
				DEBUG_INFORMATION_FORMAT = dwarf;
				ENABLE_STRICT_OBJC_MSGSEND = YES;
				ENABLE_TESTABILITY = YES;
				GCC_C_LANGUAGE_STANDARD = gnu11;
				GCC_DYNAMIC_NO_PIC = NO;
				GCC_NO_COMMON_BLOCKS = YES;
				GCC_OPTIMIZATION_LEVEL = 0;
				GCC_PREPROCESSOR_DEFINITIONS = (
					"DEBUG=1",
					"$(inherited)",
				);
				GCC_WARN_64_TO_32_BIT_CONVERSION = YES;
				GCC_WARN_ABOUT_RETURN_TYPE = YES_ERROR;
				GCC_WARN_UNDECLARED_SELECTOR = YES;
				GCC_WARN_UNINITIALIZED_AUTOS = YES_AGGRESSIVE;
				GCC_WARN_UNUSED_FUNCTION = YES;
				GCC_WARN_UNUSED_VARIABLE = YES;
				IPHONEOS_DEPLOYMENT_TARGET = 11.1;
				MTL_ENABLE_DEBUG_INFO = YES;
				ONLY_ACTIVE_ARCH = YES;
				SDKROOT = iphoneos;
				SWIFT_ACTIVE_COMPILATION_CONDITIONS = DEBUG;
				SWIFT_OPTIMIZATION_LEVEL = "-Onone";
			};
			name = Debug;
		};
		C885E93B1FA44F24006F1435 /* Release */ = {
			isa = XCBuildConfiguration;
			buildSettings = {
				ALWAYS_SEARCH_USER_PATHS = NO;
				CLANG_ANALYZER_NONNULL = YES;
				CLANG_ANALYZER_NUMBER_OBJECT_CONVERSION = YES_AGGRESSIVE;
				CLANG_CXX_LANGUAGE_STANDARD = "gnu++14";
				CLANG_CXX_LIBRARY = "libc++";
				CLANG_ENABLE_MODULES = YES;
				CLANG_ENABLE_OBJC_ARC = YES;
				CLANG_WARN_BLOCK_CAPTURE_AUTORELEASING = YES;
				CLANG_WARN_BOOL_CONVERSION = YES;
				CLANG_WARN_COMMA = YES;
				CLANG_WARN_CONSTANT_CONVERSION = YES;
				CLANG_WARN_DIRECT_OBJC_ISA_USAGE = YES_ERROR;
				CLANG_WARN_DOCUMENTATION_COMMENTS = YES;
				CLANG_WARN_EMPTY_BODY = YES;
				CLANG_WARN_ENUM_CONVERSION = YES;
				CLANG_WARN_INFINITE_RECURSION = YES;
				CLANG_WARN_INT_CONVERSION = YES;
				CLANG_WARN_NON_LITERAL_NULL_CONVERSION = YES;
				CLANG_WARN_OBJC_LITERAL_CONVERSION = YES;
				CLANG_WARN_OBJC_ROOT_CLASS = YES_ERROR;
				CLANG_WARN_RANGE_LOOP_ANALYSIS = YES;
				CLANG_WARN_STRICT_PROTOTYPES = YES;
				CLANG_WARN_SUSPICIOUS_MOVE = YES;
				CLANG_WARN_UNGUARDED_AVAILABILITY = YES_AGGRESSIVE;
				CLANG_WARN_UNREACHABLE_CODE = YES;
				CLANG_WARN__DUPLICATE_METHOD_MATCH = YES;
				CODE_SIGN_IDENTITY = "iPhone Developer";
				COPY_PHASE_STRIP = NO;
				DEBUG_INFORMATION_FORMAT = "dwarf-with-dsym";
				ENABLE_NS_ASSERTIONS = NO;
				ENABLE_STRICT_OBJC_MSGSEND = YES;
				GCC_C_LANGUAGE_STANDARD = gnu11;
				GCC_NO_COMMON_BLOCKS = YES;
				GCC_WARN_64_TO_32_BIT_CONVERSION = YES;
				GCC_WARN_ABOUT_RETURN_TYPE = YES_ERROR;
				GCC_WARN_UNDECLARED_SELECTOR = YES;
				GCC_WARN_UNINITIALIZED_AUTOS = YES_AGGRESSIVE;
				GCC_WARN_UNUSED_FUNCTION = YES;
				GCC_WARN_UNUSED_VARIABLE = YES;
				IPHONEOS_DEPLOYMENT_TARGET = 11.1;
				MTL_ENABLE_DEBUG_INFO = NO;
				SDKROOT = iphoneos;
				SWIFT_OPTIMIZATION_LEVEL = "-Owholemodule";
				VALIDATE_PRODUCT = YES;
			};
			name = Release;
		};
		C885E93D1FA44F24006F1435 /* Debug */ = {
			isa = XCBuildConfiguration;
			baseConfigurationReference = 658C6740A768A348B02744C9 /* Pods-DragonFly Project.debug.xcconfig */;
			buildSettings = {
				ASSETCATALOG_COMPILER_APPICON_NAME = AppIcon;
				CODE_SIGN_STYLE = Automatic;
				DEVELOPMENT_TEAM = D27V92ZH34;
				INFOPLIST_FILE = "DragonFly Project/Info.plist";
				LD_RUNPATH_SEARCH_PATHS = "$(inherited) @executable_path/Frameworks";
				PRODUCT_BUNDLE_IDENTIFIER = "com.dragonglyproject.DragonFly-Project";
				PRODUCT_NAME = "$(TARGET_NAME)";
				SWIFT_VERSION = 4.0;
				TARGETED_DEVICE_FAMILY = "1,2";
			};
			name = Debug;
		};
		C885E93E1FA44F24006F1435 /* Release */ = {
			isa = XCBuildConfiguration;
			baseConfigurationReference = 492811FAC150FB3CE3B3E2AB /* Pods-DragonFly Project.release.xcconfig */;
			buildSettings = {
				ASSETCATALOG_COMPILER_APPICON_NAME = AppIcon;
				CODE_SIGN_STYLE = Automatic;
				DEVELOPMENT_TEAM = D27V92ZH34;
				INFOPLIST_FILE = "DragonFly Project/Info.plist";
				LD_RUNPATH_SEARCH_PATHS = "$(inherited) @executable_path/Frameworks";
				PRODUCT_BUNDLE_IDENTIFIER = "com.dragonglyproject.DragonFly-Project";
				PRODUCT_NAME = "$(TARGET_NAME)";
				SWIFT_VERSION = 4.0;
				TARGETED_DEVICE_FAMILY = "1,2";
			};
			name = Release;
		};
/* End XCBuildConfiguration section */

/* Begin XCConfigurationList section */
		C885E9201FA44F24006F1435 /* Build configuration list for PBXProject "DragonFly Project" */ = {
			isa = XCConfigurationList;
			buildConfigurations = (
				C885E93A1FA44F24006F1435 /* Debug */,
				C885E93B1FA44F24006F1435 /* Release */,
			);
			defaultConfigurationIsVisible = 0;
			defaultConfigurationName = Release;
		};
		C885E93C1FA44F24006F1435 /* Build configuration list for PBXNativeTarget "DragonFly Project" */ = {
			isa = XCConfigurationList;
			buildConfigurations = (
				C885E93D1FA44F24006F1435 /* Debug */,
				C885E93E1FA44F24006F1435 /* Release */,
			);
			defaultConfigurationIsVisible = 0;
			defaultConfigurationName = Release;
		};
/* End XCConfigurationList section */

/* Begin XCVersionGroup section */
		C885E92A1FA44F24006F1435 /* DragonFly_Project.xcdatamodeld */ = {
			isa = XCVersionGroup;
			children = (
				C885E92B1FA44F24006F1435 /* DragonFly_Project.xcdatamodel */,
			);
			currentVersion = C885E92B1FA44F24006F1435 /* DragonFly_Project.xcdatamodel */;
			path = DragonFly_Project.xcdatamodeld;
			sourceTree = "<group>";
			versionGroupType = wrapper.xcdatamodel;
		};
/* End XCVersionGroup section */
	};
	rootObject = C885E91D1FA44F24006F1435 /* Project object */;
}
